
Microsoft Visual Studio Solution File, Format Version 12.00
# Visual Studio Version 17
VisualStudioVersion = 17.0.31611.283
MinimumVisualStudioVersion = 10.0.40219.1
Project("{2150E333-8FDC-42A3-9474-1A3956D46DE8}") = "libs", "libs", "{02EA681E-C7D8-13C7-8484-4AC65E1B71E8}"
EndProject
Project("{2150E333-8FDC-42A3-9474-1A3956D46DE8}") = "infrastructure", "infrastructure", "{F33188D7-8976-4E99-BA80-B508EA7E99AA}"
EndProject
Project("{2150E333-8FDC-42A3-9474-1A3956D46DE8}") = "application", "application", "{9C3BAA1C-51AD-49B4-901F-6558B2BDF9F9}"
EndProject
Project("{FAE04EC0-301F-11D3-BF4B-00C04F79EFBC}") = "Hat.Application", "src\main\libs\Hat.Application\Hat.Application.csproj", "{E3834A0B-230F-5189-5629-4FE32009B143}"
EndProject
Project("{FAE04EC0-301F-11D3-BF4B-00C04F79EFBC}") = "Hat.Infrastructure.Persistance.SqlServer", "src\main\libs\Hat.Infrastructure.Persistance.SqlServer\Hat.Infrastructure.Persistance.SqlServer.csproj", "{3A5098AC-1426-FB90-B139-2E200D7C040B}"
EndProject
Project("{FAE04EC0-301F-11D3-BF4B-00C04F79EFBC}") = "Hat.Infrastructure.Registeration", "src\main\libs\Hat.Infrastructure.Registeration\Hat.Infrastructure.Registeration.csproj", "{FE085FFA-FDEE-B790-65DD-B0D6C7D45611}"
EndProject
Project("{FAE04EC0-301F-11D3-BF4B-00C04F79EFBC}") = "Hat.Mobile", "src\main\Hat.Mobile\Hat.Mobile.csproj", "{B3431696-D46F-FFC5-9729-918D4E928DCD}"
EndProject
Project("{FAE04EC0-301F-11D3-BF4B-00C04F79EFBC}") = "Hat.Domain", "src\main\libs\Hat.Domain\Hat.Domain.csproj", "{8EAF9A17-3394-80E7-6C59-201AF669368F}"
EndProject
Project("{FAE04EC0-301F-11D3-BF4B-00C04F79EFBC}") = "Hat.Application.Registeration", "src\main\libs\Hat.Application.Registeration\Hat.Application.Registeration.csproj", "{A08A8F91-9CD7-49E4-9C35-24CBFC89CDC2}"
EndProject
Project("{FAE04EC0-301F-11D3-BF4B-00C04F79EFBC}") = "Hat.Backend", "src\main\Hat.Backend\Hat.Backend.csproj", "{4AEC4900-B562-8FC6-6EA7-77AB7D1D67E2}"
EndProject
Project("{2150E333-8FDC-42A3-9474-1A3956D46DE8}") = "backend", "backend", "{47A2F7B1-BA84-4498-B43D-89521A74D1AA}"
	ProjectSection(SolutionItems) = preProject
		src\main\Hat.Backend\Properties\launchSettings.json = src\main\Hat.Backend\Properties\launchSettings.json
	EndProjectSection
EndProject
Project("{2150E333-8FDC-42A3-9474-1A3956D46DE8}") = "mobile", "mobile", "{64B7BC9A-6688-4E68-8D63-C495771F4A02}"
	ProjectSection(SolutionItems) = preProject
		src\main\Hat.Mobile\Properties\launchSettings.json = src\main\Hat.Mobile\Properties\launchSettings.json
	EndProjectSection
EndProject
Project("{2150E333-8FDC-42A3-9474-1A3956D46DE8}") = "launch", "launch", "{0A2A535E-53F0-42F9-8CC4-A161B0D89F28}"
EndProject
Project("{2150E333-8FDC-42A3-9474-1A3956D46DE8}") = "docs", "docs", "{6D0B00D4-5A44-4A74-959C-0E58AA9473D7}"
	ProjectSection(SolutionItems) = preProject
		doc\b2c.txt = doc\b2c.txt
		doc\b2c_pluralsights.txt = doc\b2c_pluralsights.txt
		doc\connect-android-wireless.bat = doc\connect-android-wireless.bat
		doc\MsalAuthInMauiBlazor.txt = doc\MsalAuthInMauiBlazor.txt
		doc\openid.txt = doc\openid.txt
	EndProjectSection
EndProject
Project("{2150E333-8FDC-42A3-9474-1A3956D46DE8}") = "Persistance", "Persistance", "{3F8CCD36-CEBC-4CB6-92DB-B0C716E3D33D}"
EndProject
Project("{2150E333-8FDC-42A3-9474-1A3956D46DE8}") = "Identity", "Identity", "{98158B34-AF3D-4FF8-867F-88E213DD4D3F}"
EndProject
Project("{FAE04EC0-301F-11D3-BF4B-00C04F79EFBC}") = "Hat.Infrastructure.Identity.Memory", "src\main\libs\Hat.Infrastructure.Identity.Memory\Hat.Infrastructure.Identity.Memory.csproj", "{D666FF13-0CDB-4B5F-9200-8D1A8F2E1182}"
EndProject
Project("{FAE04EC0-301F-11D3-BF4B-00C04F79EFBC}") = "Hat.Infrastructure.Payment.Fake", "src\main\libs\Hat.Infrastructure.Payment.Fake\Hat.Infrastructure.Payment.Fake.csproj", "{B1D20095-B33F-480A-B92A-27F2C962836C}"
EndProject
Project("{2150E333-8FDC-42A3-9474-1A3956D46DE8}") = "Payment", "Payment", "{CE1B7C5E-6739-4995-B0B5-3B2F002344FD}"
EndProject
Global
	GlobalSection(SolutionConfigurationPlatforms) = preSolution
		Debug|Any CPU = Debug|Any CPU
		Release|Any CPU = Release|Any CPU
	EndGlobalSection
	GlobalSection(ProjectConfigurationPlatforms) = postSolution
		{E3834A0B-230F-5189-5629-4FE32009B143}.Debug|Any CPU.ActiveCfg = Debug|Any CPU
		{E3834A0B-230F-5189-5629-4FE32009B143}.Debug|Any CPU.Build.0 = Debug|Any CPU
		{E3834A0B-230F-5189-5629-4FE32009B143}.Release|Any CPU.ActiveCfg = Release|Any CPU
		{E3834A0B-230F-5189-5629-4FE32009B143}.Release|Any CPU.Build.0 = Release|Any CPU
		{3A5098AC-1426-FB90-B139-2E200D7C040B}.Debug|Any CPU.ActiveCfg = Debug|Any CPU
		{3A5098AC-1426-FB90-B139-2E200D7C040B}.Debug|Any CPU.Build.0 = Debug|Any CPU
		{3A5098AC-1426-FB90-B139-2E200D7C040B}.Release|Any CPU.ActiveCfg = Release|Any CPU
		{3A5098AC-1426-FB90-B139-2E200D7C040B}.Release|Any CPU.Build.0 = Release|Any CPU
		{FE085FFA-FDEE-B790-65DD-B0D6C7D45611}.Debug|Any CPU.ActiveCfg = Debug|Any CPU
		{FE085FFA-FDEE-B790-65DD-B0D6C7D45611}.Debug|Any CPU.Build.0 = Debug|Any CPU
		{FE085FFA-FDEE-B790-65DD-B0D6C7D45611}.Release|Any CPU.ActiveCfg = Release|Any CPU
		{FE085FFA-FDEE-B790-65DD-B0D6C7D45611}.Release|Any CPU.Build.0 = Release|Any CPU
		{B3431696-D46F-FFC5-9729-918D4E928DCD}.Debug|Any CPU.ActiveCfg = Debug|Any CPU
		{B3431696-D46F-FFC5-9729-918D4E928DCD}.Debug|Any CPU.Build.0 = Debug|Any CPU
		{B3431696-D46F-FFC5-9729-918D4E928DCD}.Debug|Any CPU.Deploy.0 = Debug|Any CPU
		{B3431696-D46F-FFC5-9729-918D4E928DCD}.Release|Any CPU.ActiveCfg = Release|Any CPU
		{B3431696-D46F-FFC5-9729-918D4E928DCD}.Release|Any CPU.Build.0 = Release|Any CPU
		{B3431696-D46F-FFC5-9729-918D4E928DCD}.Release|Any CPU.Deploy.0 = Release|Any CPU
		{8EAF9A17-3394-80E7-6C59-201AF669368F}.Debug|Any CPU.ActiveCfg = Debug|Any CPU
		{8EAF9A17-3394-80E7-6C59-201AF669368F}.Debug|Any CPU.Build.0 = Debug|Any CPU
		{8EAF9A17-3394-80E7-6C59-201AF669368F}.Release|Any CPU.ActiveCfg = Release|Any CPU
		{8EAF9A17-3394-80E7-6C59-201AF669368F}.Release|Any CPU.Build.0 = Release|Any CPU
		{A08A8F91-9CD7-49E4-9C35-24CBFC89CDC2}.Debug|Any CPU.ActiveCfg = Debug|Any CPU
		{A08A8F91-9CD7-49E4-9C35-24CBFC89CDC2}.Debug|Any CPU.Build.0 = Debug|Any CPU
		{A08A8F91-9CD7-49E4-9C35-24CBFC89CDC2}.Release|Any CPU.ActiveCfg = Release|Any CPU
		{A08A8F91-9CD7-49E4-9C35-24CBFC89CDC2}.Release|Any CPU.Build.0 = Release|Any CPU
		{4AEC4900-B562-8FC6-6EA7-77AB7D1D67E2}.Debug|Any CPU.ActiveCfg = Debug|Any CPU
		{4AEC4900-B562-8FC6-6EA7-77AB7D1D67E2}.Debug|Any CPU.Build.0 = Debug|Any CPU
		{4AEC4900-B562-8FC6-6EA7-77AB7D1D67E2}.Release|Any CPU.ActiveCfg = Release|Any CPU
		{4AEC4900-B562-8FC6-6EA7-77AB7D1D67E2}.Release|Any CPU.Build.0 = Release|Any CPU
		{D666FF13-0CDB-4B5F-9200-8D1A8F2E1182}.Debug|Any CPU.ActiveCfg = Debug|Any CPU
		{D666FF13-0CDB-4B5F-9200-8D1A8F2E1182}.Debug|Any CPU.Build.0 = Debug|Any CPU
		{D666FF13-0CDB-4B5F-9200-8D1A8F2E1182}.Release|Any CPU.ActiveCfg = Release|Any CPU
		{D666FF13-0CDB-4B5F-9200-8D1A8F2E1182}.Release|Any CPU.Build.0 = Release|Any CPU
		{B1D20095-B33F-480A-B92A-27F2C962836C}.Debug|Any CPU.ActiveCfg = Debug|Any CPU
		{B1D20095-B33F-480A-B92A-27F2C962836C}.Debug|Any CPU.Build.0 = Debug|Any CPU
		{B1D20095-B33F-480A-B92A-27F2C962836C}.Release|Any CPU.ActiveCfg = Release|Any CPU
		{B1D20095-B33F-480A-B92A-27F2C962836C}.Release|Any CPU.Build.0 = Release|Any CPU
	EndGlobalSection
	GlobalSection(SolutionProperties) = preSolution
		HideSolutionNode = FALSE
	EndGlobalSection
	GlobalSection(NestedProjects) = preSolution
		{F33188D7-8976-4E99-BA80-B508EA7E99AA} = {02EA681E-C7D8-13C7-8484-4AC65E1B71E8}
		{9C3BAA1C-51AD-49B4-901F-6558B2BDF9F9} = {02EA681E-C7D8-13C7-8484-4AC65E1B71E8}
		{E3834A0B-230F-5189-5629-4FE32009B143} = {9C3BAA1C-51AD-49B4-901F-6558B2BDF9F9}
		{3A5098AC-1426-FB90-B139-2E200D7C040B} = {3F8CCD36-CEBC-4CB6-92DB-B0C716E3D33D}
		{FE085FFA-FDEE-B790-65DD-B0D6C7D45611} = {F33188D7-8976-4E99-BA80-B508EA7E99AA}
		{8EAF9A17-3394-80E7-6C59-201AF669368F} = {02EA681E-C7D8-13C7-8484-4AC65E1B71E8}
		{A08A8F91-9CD7-49E4-9C35-24CBFC89CDC2} = {9C3BAA1C-51AD-49B4-901F-6558B2BDF9F9}
		{47A2F7B1-BA84-4498-B43D-89521A74D1AA} = {0A2A535E-53F0-42F9-8CC4-A161B0D89F28}
		{64B7BC9A-6688-4E68-8D63-C495771F4A02} = {0A2A535E-53F0-42F9-8CC4-A161B0D89F28}
		{3F8CCD36-CEBC-4CB6-92DB-B0C716E3D33D} = {F33188D7-8976-4E99-BA80-B508EA7E99AA}
		{98158B34-AF3D-4FF8-867F-88E213DD4D3F} = {F33188D7-8976-4E99-BA80-B508EA7E99AA}
		{D666FF13-0CDB-4B5F-9200-8D1A8F2E1182} = {98158B34-AF3D-4FF8-867F-88E213DD4D3F}
		{B1D20095-B33F-480A-B92A-27F2C962836C} = {CE1B7C5E-6739-4995-B0B5-3B2F002344FD}
		{CE1B7C5E-6739-4995-B0B5-3B2F002344FD} = {F33188D7-8976-4E99-BA80-B508EA7E99AA}
	EndGlobalSection
	GlobalSection(ExtensibilityGlobals) = postSolution
		SolutionGuid = {61F7FB11-1E47-470C-91E2-47F8143E1572}
	EndGlobalSection
EndGlobal
